// !$*UTF8*$!
{
	archiveVersion = 1;
	classes = {
	};
	objectVersion = 77;
	objects = {

/* Begin PBXBuildFile section */
		00906F6D7C96806C69820C36 /* SettingsStore.swift in Sources */ = {isa = PBXBuildFile; fileRef = 3B8FD2EA746769B5D2F2D0EC /* SettingsStore.swift */; };
		15EBCAF1768C643E141D87D9 /* MainMenuBuilder.swift in Sources */ = {isa = PBXBuildFile; fileRef = B9516A369A35FC40DA9421C1 /* MainMenuBuilder.swift */; };
		1EE4CFAB411F1600B22EFE4E /* InitialSelectionTests.swift in Sources */ = {isa = PBXBuildFile; fileRef = 85A75313A0177B617B6B8690 /* InitialSelectionTests.swift */; };
		24E570FB188C9357877A71E6 /* MarkdownScanner.swift in Sources */ = {isa = PBXBuildFile; fileRef = 76C87B4D4BEB657B84158F10 /* MarkdownScanner.swift */; };
		285234D16C80454F782BE867 /* WindowManager.swift in Sources */ = {isa = PBXBuildFile; fileRef = 7A7AEFDA8D54BA038B349E2A /* WindowManager.swift */; };
		42FCB6FBF4B471C8285C52D1 /* SettingsStoreTests.swift in Sources */ = {isa = PBXBuildFile; fileRef = DEAC02249ED8CB20105C8DE9 /* SettingsStoreTests.swift */; };
		4EFCC8E7E5163C8DDB0E6340 /* DocumentWindowController.swift in Sources */ = {isa = PBXBuildFile; fileRef = 37D205460A8C985C286FA3C8 /* DocumentWindowController.swift */; };
		5D0FB088B22EED0529511A54 /* URL+SkimDown.swift in Sources */ = {isa = PBXBuildFile; fileRef = 5369062B216150B10EAAF055 /* URL+SkimDown.swift */; };
		65530AD7BE270E96E10C2E32 /* MarkdownTreeItem.swift in Sources */ = {isa = PBXBuildFile; fileRef = 75D3E7D5365D644D7F8B9978 /* MarkdownTreeItem.swift */; };
		6A882EFDA2BE620E4AF3123E /* TemporaryFolder.swift in Sources */ = {isa = PBXBuildFile; fileRef = A715F2AFDE4E7B3458551CD0 /* TemporaryFolder.swift */; };
		76C09E7A0BEAD70D587ADC84 /* AppSettings.swift in Sources */ = {isa = PBXBuildFile; fileRef = 6327837C82D4A2D33552DA74 /* AppSettings.swift */; };
		7C038AE1AD489D40F921CAE0 /* FolderSession.swift in Sources */ = {isa = PBXBuildFile; fileRef = 566632A26A8881942ADDEE9F /* FolderSession.swift */; };
		7F5732EBBF884590CE9954CC /* ApplicationMain.swift in Sources */ = {isa = PBXBuildFile; fileRef = 20257245067F683C89542D8D /* ApplicationMain.swift */; };
		8B09ACD83775381EAE723545 /* MarkdownScannerTests.swift in Sources */ = {isa = PBXBuildFile; fileRef = A1FAC7CAF72C2ADC59306EA2 /* MarkdownScannerTests.swift */; };
		8BD9816C429B5D388383982E /* LinkRouter.swift in Sources */ = {isa = PBXBuildFile; fileRef = 5B3E50BA8250D47F6F364D7A /* LinkRouter.swift */; };
		9F38F0E4D2FA82FF950BA32D /* MarkdownWebView.swift in Sources */ = {isa = PBXBuildFile; fileRef = 5D187AB63A70A3B45593478A /* MarkdownWebView.swift */; };
		A614AA32C441A78D16C777C4 /* FileWatcher.swift in Sources */ = {isa = PBXBuildFile; fileRef = 3417B5FD633B962AE89B6804 /* FileWatcher.swift */; };
		A6ADA78CFA5C99DE1894C0E7 /* InitialSelectionResolver.swift in Sources */ = {isa = PBXBuildFile; fileRef = BCB8BCFBE2CA02FEF0643776 /* InitialSelectionResolver.swift */; };
		AF00F51DADD6D14A7E6E9CB9 /* MarkdownTreeBuilder.swift in Sources */ = {isa = PBXBuildFile; fileRef = 1782066E9BC71FBA6E208134 /* MarkdownTreeBuilder.swift */; };
		B4EF3A2BFD38B4CB9F1D0FAC /* PathSecurity.swift in Sources */ = {isa = PBXBuildFile; fileRef = CE2381C6B458E30E8A291793 /* PathSecurity.swift */; };
		BC65A8FB467E91E3567A2254 /* LinkResolverTests.swift in Sources */ = {isa = PBXBuildFile; fileRef = 7B4D5771E4F883D5F3979ECD /* LinkResolverTests.swift */; };
		C680C1FC12A5902BC3C5C128 /* SecurityScopedBookmarkStore.swift in Sources */ = {isa = PBXBuildFile; fileRef = FD98D5D9222866AFF25073F8 /* SecurityScopedBookmarkStore.swift */; };
		C94DE9B853B91CDB5CFA7FB5 /* SearchBarView.swift in Sources */ = {isa = PBXBuildFile; fileRef = 193A891E7195AEA492B8EA0A /* SearchBarView.swift */; };
		D1E78ABEC48E77DAED6116FD /* SecurityBoundaryTests.swift in Sources */ = {isa = PBXBuildFile; fileRef = 4B0D2B365B7CB8DDA0570BF1 /* SecurityBoundaryTests.swift */; };
		D4E3D6444AB80ADB243B0534 /* SidebarViewController.swift in Sources */ = {isa = PBXBuildFile; fileRef = 99BBFB44C8D4B4C3366AFBD4 /* SidebarViewController.swift */; };
		E6E05496FA1B7AD367B8B695 /* AppDelegate.swift in Sources */ = {isa = PBXBuildFile; fileRef = ABF8C1F3F26D3DDE48B46B10 /* AppDelegate.swift */; };
		E75B615E363532BA836583C2 /* FolderDropView.swift in Sources */ = {isa = PBXBuildFile; fileRef = AA94832C59AD830C92442CC9 /* FolderDropView.swift */; };
		EFB1C9E3DFA936F852BEBF22 /* EmptyStateView.swift in Sources */ = {isa = PBXBuildFile; fileRef = 7DA89ACDDF2D0C101643ED8A /* EmptyStateView.swift */; };
		F349997D6AFB2040C9FC60E7 /* MarkdownDocumentLoader.swift in Sources */ = {isa = PBXBuildFile; fileRef = C9C08163972B6894D1BD5E23 /* MarkdownDocumentLoader.swift */; };
		F6D600628CB09E36D41AFCFE /* MarkdownTreeBuilderTests.swift in Sources */ = {isa = PBXBuildFile; fileRef = 3AB65F3DF5D6492B3406F41B /* MarkdownTreeBuilderTests.swift */; };
/* End PBXBuildFile section */

/* Begin PBXContainerItemProxy section */
		AA7238918CE80DDBA88E1090 /* PBXContainerItemProxy */ = {
			isa = PBXContainerItemProxy;
			containerPortal = 1C28773A6F0492294864792A /* Project object */;
			proxyType = 1;
			remoteGlobalIDString = 5CD3B2F5F15B0C734B0312D9;
			remoteInfo = SkimDown;
		};
/* End PBXContainerItemProxy section */

/* Begin PBXFileReference section */
		1782066E9BC71FBA6E208134 /* MarkdownTreeBuilder.swift */ = {isa = PBXFileReference; lastKnownFileType = sourcecode.swift; path = MarkdownTreeBuilder.swift; sourceTree = "<group>"; };
		193A891E7195AEA492B8EA0A /* SearchBarView.swift */ = {isa = PBXFileReference; lastKnownFileType = sourcecode.swift; path = SearchBarView.swift; sourceTree = "<group>"; };
		20257245067F683C89542D8D /* ApplicationMain.swift */ = {isa = PBXFileReference; lastKnownFileType = sourcecode.swift; path = ApplicationMain.swift; sourceTree = "<group>"; };
		3417B5FD633B962AE89B6804 /* FileWatcher.swift */ = {isa = PBXFileReference; lastKnownFileType = sourcecode.swift; path = FileWatcher.swift; sourceTree = "<group>"; };
		37D205460A8C985C286FA3C8 /* DocumentWindowController.swift */ = {isa = PBXFileReference; lastKnownFileType = sourcecode.swift; path = DocumentWindowController.swift; sourceTree = "<group>"; };
		3AB65F3DF5D6492B3406F41B /* MarkdownTreeBuilderTests.swift */ = {isa = PBXFileReference; lastKnownFileType = sourcecode.swift; path = MarkdownTreeBuilderTests.swift; sourceTree = "<group>"; };
		3B8FD2EA746769B5D2F2D0EC /* SettingsStore.swift */ = {isa = PBXFileReference; lastKnownFileType = sourcecode.swift; path = SettingsStore.swift; sourceTree = "<group>"; };
		4B0D2B365B7CB8DDA0570BF1 /* SecurityBoundaryTests.swift */ = {isa = PBXFileReference; lastKnownFileType = sourcecode.swift; path = SecurityBoundaryTests.swift; sourceTree = "<group>"; };
		5369062B216150B10EAAF055 /* URL+SkimDown.swift */ = {isa = PBXFileReference; lastKnownFileType = sourcecode.swift; path = "URL+SkimDown.swift"; sourceTree = "<group>"; };
		566632A26A8881942ADDEE9F /* FolderSession.swift */ = {isa = PBXFileReference; lastKnownFileType = sourcecode.swift; path = FolderSession.swift; sourceTree = "<group>"; };
		5B3E50BA8250D47F6F364D7A /* LinkRouter.swift */ = {isa = PBXFileReference; lastKnownFileType = sourcecode.swift; path = LinkRouter.swift; sourceTree = "<group>"; };
		5D187AB63A70A3B45593478A /* MarkdownWebView.swift */ = {isa = PBXFileReference; lastKnownFileType = sourcecode.swift; path = MarkdownWebView.swift; sourceTree = "<group>"; };
		6327837C82D4A2D33552DA74 /* AppSettings.swift */ = {isa = PBXFileReference; lastKnownFileType = sourcecode.swift; path = AppSettings.swift; sourceTree = "<group>"; };
		75D3E7D5365D644D7F8B9978 /* MarkdownTreeItem.swift */ = {isa = PBXFileReference; lastKnownFileType = sourcecode.swift; path = MarkdownTreeItem.swift; sourceTree = "<group>"; };
		76C87B4D4BEB657B84158F10 /* MarkdownScanner.swift */ = {isa = PBXFileReference; lastKnownFileType = sourcecode.swift; path = MarkdownScanner.swift; sourceTree = "<group>"; };
		7A7AEFDA8D54BA038B349E2A /* WindowManager.swift */ = {isa = PBXFileReference; lastKnownFileType = sourcecode.swift; path = WindowManager.swift; sourceTree = "<group>"; };
		7B4D5771E4F883D5F3979ECD /* LinkResolverTests.swift */ = {isa = PBXFileReference; lastKnownFileType = sourcecode.swift; path = LinkResolverTests.swift; sourceTree = "<group>"; };
		7DA89ACDDF2D0C101643ED8A /* EmptyStateView.swift */ = {isa = PBXFileReference; lastKnownFileType = sourcecode.swift; path = EmptyStateView.swift; sourceTree = "<group>"; };
		85A75313A0177B617B6B8690 /* InitialSelectionTests.swift */ = {isa = PBXFileReference; lastKnownFileType = sourcecode.swift; path = InitialSelectionTests.swift; sourceTree = "<group>"; };
		886E0DF56BBF7291796AA919 /* SkimDownTests.xctest */ = {isa = PBXFileReference; explicitFileType = wrapper.cfbundle; includeInIndex = 0; path = SkimDownTests.xctest; sourceTree = BUILT_PRODUCTS_DIR; };
		99BBFB44C8D4B4C3366AFBD4 /* SidebarViewController.swift */ = {isa = PBXFileReference; lastKnownFileType = sourcecode.swift; path = SidebarViewController.swift; sourceTree = "<group>"; };
		A1FAC7CAF72C2ADC59306EA2 /* MarkdownScannerTests.swift */ = {isa = PBXFileReference; lastKnownFileType = sourcecode.swift; path = MarkdownScannerTests.swift; sourceTree = "<group>"; };
		A715F2AFDE4E7B3458551CD0 /* TemporaryFolder.swift */ = {isa = PBXFileReference; lastKnownFileType = sourcecode.swift; path = TemporaryFolder.swift; sourceTree = "<group>"; };
		AA94832C59AD830C92442CC9 /* FolderDropView.swift */ = {isa = PBXFileReference; lastKnownFileType = sourcecode.swift; path = FolderDropView.swift; sourceTree = "<group>"; };
		ABF8C1F3F26D3DDE48B46B10 /* AppDelegate.swift */ = {isa = PBXFileReference; lastKnownFileType = sourcecode.swift; path = AppDelegate.swift; sourceTree = "<group>"; };
		ABF9A812109CCD5D4BA651FA /* SkimDown.app */ = {isa = PBXFileReference; explicitFileType = wrapper.application; includeInIndex = 0; path = SkimDown.app; sourceTree = BUILT_PRODUCTS_DIR; };
		B9516A369A35FC40DA9421C1 /* MainMenuBuilder.swift */ = {isa = PBXFileReference; lastKnownFileType = sourcecode.swift; path = MainMenuBuilder.swift; sourceTree = "<group>"; };
		BCB8BCFBE2CA02FEF0643776 /* InitialSelectionResolver.swift */ = {isa = PBXFileReference; lastKnownFileType = sourcecode.swift; path = InitialSelectionResolver.swift; sourceTree = "<group>"; };
		C9C08163972B6894D1BD5E23 /* MarkdownDocumentLoader.swift */ = {isa = PBXFileReference; lastKnownFileType = sourcecode.swift; path = MarkdownDocumentLoader.swift; sourceTree = "<group>"; };
		CE2381C6B458E30E8A291793 /* PathSecurity.swift */ = {isa = PBXFileReference; lastKnownFileType = sourcecode.swift; path = PathSecurity.swift; sourceTree = "<group>"; };
		DEAC02249ED8CB20105C8DE9 /* SettingsStoreTests.swift */ = {isa = PBXFileReference; lastKnownFileType = sourcecode.swift; path = SettingsStoreTests.swift; sourceTree = "<group>"; };
		FD98D5D9222866AFF25073F8 /* SecurityScopedBookmarkStore.swift */ = {isa = PBXFileReference; lastKnownFileType = sourcecode.swift; path = SecurityScopedBookmarkStore.swift; sourceTree = "<group>"; };
/* End PBXFileReference section */

/* Begin PBXGroup section */
		20DE850C28691CA8A81D8F50 /* Markdown */ = {
			isa = PBXGroup;
			children = (
				BCB8BCFBE2CA02FEF0643776 /* InitialSelectionResolver.swift */,
				C9C08163972B6894D1BD5E23 /* MarkdownDocumentLoader.swift */,
				76C87B4D4BEB657B84158F10 /* MarkdownScanner.swift */,
				1782066E9BC71FBA6E208134 /* MarkdownTreeBuilder.swift */,
			);
			path = Markdown;
			sourceTree = "<group>";
		};
		3C4E53AAEB13972A2AE09489 /* Models */ = {
			isa = PBXGroup;
			children = (
				6327837C82D4A2D33552DA74 /* AppSettings.swift */,
				566632A26A8881942ADDEE9F /* FolderSession.swift */,
				75D3E7D5365D644D7F8B9978 /* MarkdownTreeItem.swift */,
			);
			path = Models;
			sourceTree = "<group>";
		};
		4D11D982B58D51A373DE3B0A /* Core */ = {
			isa = PBXGroup;
			children = (
				3417B5FD633B962AE89B6804 /* FileWatcher.swift */,
				FD98D5D9222866AFF25073F8 /* SecurityScopedBookmarkStore.swift */,
				3B8FD2EA746769B5D2F2D0EC /* SettingsStore.swift */,
			);
			path = Core;
			sourceTree = "<group>";
		};
		5F1F520BA9D6AFD242CD088C /* SkimDown */ = {
			isa = PBXGroup;
			children = (
				E5C3FC9615DA4114B71A0827 /* App */,
				4D11D982B58D51A373DE3B0A /* Core */,
				20DE850C28691CA8A81D8F50 /* Markdown */,
				3C4E53AAEB13972A2AE09489 /* Models */,
				AAEF98F120D90CD7C79161D8 /* Sidebar */,
				ED0CBCABF397BAAA9BAF7623 /* Utilities */,
				B4DBAC54E53D5A162E0C1C05 /* Viewer */,
			);
			path = SkimDown;
			sourceTree = "<group>";
		};
		60B1D862BBB6B1D8C7FB8BE0 /* Products */ = {
			isa = PBXGroup;
			children = (
				ABF9A812109CCD5D4BA651FA /* SkimDown.app */,
				886E0DF56BBF7291796AA919 /* SkimDownTests.xctest */,
			);
			name = Products;
			sourceTree = "<group>";
		};
		8881B9990130E8D151295E71 = {
			isa = PBXGroup;
			children = (
				5F1F520BA9D6AFD242CD088C /* SkimDown */,
				D042DF4072906FB13AA1EFE5 /* SkimDownTests */,
				60B1D862BBB6B1D8C7FB8BE0 /* Products */,
			);
			sourceTree = "<group>";
		};
		AAEF98F120D90CD7C79161D8 /* Sidebar */ = {
			isa = PBXGroup;
			children = (
				99BBFB44C8D4B4C3366AFBD4 /* SidebarViewController.swift */,
			);
			path = Sidebar;
			sourceTree = "<group>";
		};
		B4DBAC54E53D5A162E0C1C05 /* Viewer */ = {
			isa = PBXGroup;
			children = (
				7DA89ACDDF2D0C101643ED8A /* EmptyStateView.swift */,
				5B3E50BA8250D47F6F364D7A /* LinkRouter.swift */,
				5D187AB63A70A3B45593478A /* MarkdownWebView.swift */,
				193A891E7195AEA492B8EA0A /* SearchBarView.swift */,
			);
			path = Viewer;
			sourceTree = "<group>";
		};
		D042DF4072906FB13AA1EFE5 /* SkimDownTests */ = {
			isa = PBXGroup;
			children = (
				85A75313A0177B617B6B8690 /* InitialSelectionTests.swift */,
				7B4D5771E4F883D5F3979ECD /* LinkResolverTests.swift */,
				A1FAC7CAF72C2ADC59306EA2 /* MarkdownScannerTests.swift */,
				3AB65F3DF5D6492B3406F41B /* MarkdownTreeBuilderTests.swift */,
				4B0D2B365B7CB8DDA0570BF1 /* SecurityBoundaryTests.swift */,
				DEAC02249ED8CB20105C8DE9 /* SettingsStoreTests.swift */,
				A715F2AFDE4E7B3458551CD0 /* TemporaryFolder.swift */,
			);
			path = SkimDownTests;
			sourceTree = "<group>";
		};
		E5C3FC9615DA4114B71A0827 /* App */ = {
			isa = PBXGroup;
			children = (
				ABF8C1F3F26D3DDE48B46B10 /* AppDelegate.swift */,
				20257245067F683C89542D8D /* ApplicationMain.swift */,
				37D205460A8C985C286FA3C8 /* DocumentWindowController.swift */,
				AA94832C59AD830C92442CC9 /* FolderDropView.swift */,
				B9516A369A35FC40DA9421C1 /* MainMenuBuilder.swift */,
				7A7AEFDA8D54BA038B349E2A /* WindowManager.swift */,
			);
			path = App;
			sourceTree = "<group>";
		};
		ED0CBCABF397BAAA9BAF7623 /* Utilities */ = {
			isa = PBXGroup;
			children = (
				CE2381C6B458E30E8A291793 /* PathSecurity.swift */,
				5369062B216150B10EAAF055 /* URL+SkimDown.swift */,
			);
			path = Utilities;
			sourceTree = "<group>";
		};
/* End PBXGroup section */

/* Begin PBXNativeTarget section */
		5CD3B2F5F15B0C734B0312D9 /* SkimDown */ = {
			isa = PBXNativeTarget;
			buildConfigurationList = 6D05AA3AC46F0A5A89B18679 /* Build configuration list for PBXNativeTarget "SkimDown" */;
			buildPhases = (
				28CB373EF9878002C22CCB29 /* Sources */,
				EA8C86B022AD87C711D37EB9 /* Copy bundled resources */,
			);
			buildRules = (
			);
			dependencies = (
			);
			name = SkimDown;
			packageProductDependencies = (
			);
			productName = SkimDown;
			productReference = ABF9A812109CCD5D4BA651FA /* SkimDown.app */;
			productType = "com.apple.product-type.application";
		};
		BE4D0352E3F88E940B2E747F /* SkimDownTests */ = {
			isa = PBXNativeTarget;
			buildConfigurationList = EFF69B0110C7148666C5B62D /* Build configuration list for PBXNativeTarget "SkimDownTests" */;
			buildPhases = (
				5AB3995536F470C7498DC668 /* Sources */,
			);
			buildRules = (
			);
			dependencies = (
				15D54F36F554A0060DB9ECD6 /* PBXTargetDependency */,
			);
			name = SkimDownTests;
			packageProductDependencies = (
			);
			productName = SkimDownTests;
			productReference = 886E0DF56BBF7291796AA919 /* SkimDownTests.xctest */;
			productType = "com.apple.product-type.bundle.unit-test";
		};
/* End PBXNativeTarget section */

/* Begin PBXProject section */
		1C28773A6F0492294864792A /* Project object */ = {
			isa = PBXProject;
			attributes = {
				BuildIndependentTargetsInParallel = YES;
				LastUpgradeCheck = 1430;
			};
			buildConfigurationList = 9822C173FDDD7F20AB05E7B0 /* Build configuration list for PBXProject "SkimDown" */;
			compatibilityVersion = "Xcode 14.0";
			developmentRegion = en;
			hasScannedForEncodings = 0;
			knownRegions = (
				Base,
				en,
			);
			mainGroup = 8881B9990130E8D151295E71;
			minimizedProjectReferenceProxies = 1;
			preferredProjectObjectVersion = 77;
			projectDirPath = "";
			projectRoot = "";
			targets = (
				5CD3B2F5F15B0C734B0312D9 /* SkimDown */,
				BE4D0352E3F88E940B2E747F /* SkimDownTests */,
			);
		};
/* End PBXProject section */

/* Begin PBXShellScriptBuildPhase section */
		EA8C86B022AD87C711D37EB9 /* Copy bundled resources */ = {
			isa = PBXShellScriptBuildPhase;
			buildActionMask = 2147483647;
			files = (
			);
			inputFileListPaths = (
			);
			inputPaths = (
			);
			name = "Copy bundled resources";
			outputFileListPaths = (
			);
			outputPaths = (
			);
			runOnlyForDeploymentPostprocessing = 0;
			shellPath = /bin/sh;
			shellScript = "set -euo pipefail\nRESOURCES_DIR=\"${TARGET_BUILD_DIR}/${UNLOCALIZED_RESOURCES_FOLDER_PATH}\"\nmkdir -p \"${RESOURCES_DIR}\"\nrsync -a --delete \"${SRCROOT}/SkimDown/Resources/Web\" \"${RESOURCES_DIR}/\"\ncp \"${SRCROOT}/SkimDown/Resources/SkimDown.icns\" \"${RESOURCES_DIR}/SkimDown.icns\"\n";
		};
/* End PBXShellScriptBuildPhase section */

/* Begin PBXSourcesBuildPhase section */
		28CB373EF9878002C22CCB29 /* Sources */ = {
			isa = PBXSourcesBuildPhase;
			buildActionMask = 2147483647;
			files = (
				E6E05496FA1B7AD367B8B695 /* AppDelegate.swift in Sources */,
				76C09E7A0BEAD70D587ADC84 /* AppSettings.swift in Sources */,
				7F5732EBBF884590CE9954CC /* ApplicationMain.swift in Sources */,
				4EFCC8E7E5163C8DDB0E6340 /* DocumentWindowController.swift in Sources */,
				EFB1C9E3DFA936F852BEBF22 /* EmptyStateView.swift in Sources */,
				A614AA32C441A78D16C777C4 /* FileWatcher.swift in Sources */,
				E75B615E363532BA836583C2 /* FolderDropView.swift in Sources */,
				7C038AE1AD489D40F921CAE0 /* FolderSession.swift in Sources */,
				A6ADA78CFA5C99DE1894C0E7 /* InitialSelectionResolver.swift in Sources */,
				8BD9816C429B5D388383982E /* LinkRouter.swift in Sources */,
				15EBCAF1768C643E141D87D9 /* MainMenuBuilder.swift in Sources */,
				F349997D6AFB2040C9FC60E7 /* MarkdownDocumentLoader.swift in Sources */,
				24E570FB188C9357877A71E6 /* MarkdownScanner.swift in Sources */,
				AF00F51DADD6D14A7E6E9CB9 /* MarkdownTreeBuilder.swift in Sources */,
				65530AD7BE270E96E10C2E32 /* MarkdownTreeItem.swift in Sources */,
				9F38F0E4D2FA82FF950BA32D /* MarkdownWebView.swift in Sources */,
				B4EF3A2BFD38B4CB9F1D0FAC /* PathSecurity.swift in Sources */,
				C94DE9B853B91CDB5CFA7FB5 /* SearchBarView.swift in Sources */,
				C680C1FC12A5902BC3C5C128 /* SecurityScopedBookmarkStore.swift in Sources */,
				00906F6D7C96806C69820C36 /* SettingsStore.swift in Sources */,
				D4E3D6444AB80ADB243B0534 /* SidebarViewController.swift in Sources */,
				5D0FB088B22EED0529511A54 /* URL+SkimDown.swift in Sources */,
				285234D16C80454F782BE867 /* WindowManager.swift in Sources */,
			);
			runOnlyForDeploymentPostprocessing = 0;
		};
		5AB3995536F470C7498DC668 /* Sources */ = {
			isa = PBXSourcesBuildPhase;
			buildActionMask = 2147483647;
			files = (
				1EE4CFAB411F1600B22EFE4E /* InitialSelectionTests.swift in Sources */,
				BC65A8FB467E91E3567A2254 /* LinkResolverTests.swift in Sources */,
				8B09ACD83775381EAE723545 /* MarkdownScannerTests.swift in Sources */,
				F6D600628CB09E36D41AFCFE /* MarkdownTreeBuilderTests.swift in Sources */,
				D1E78ABEC48E77DAED6116FD /* SecurityBoundaryTests.swift in Sources */,
				42FCB6FBF4B471C8285C52D1 /* SettingsStoreTests.swift in Sources */,
				6A882EFDA2BE620E4AF3123E /* TemporaryFolder.swift in Sources */,
			);
			runOnlyForDeploymentPostprocessing = 0;
		};
/* End PBXSourcesBuildPhase section */

/* Begin PBXTargetDependency section */
		15D54F36F554A0060DB9ECD6 /* PBXTargetDependency */ = {
			isa = PBXTargetDependency;
			target = 5CD3B2F5F15B0C734B0312D9 /* SkimDown */;
			targetProxy = AA7238918CE80DDBA88E1090 /* PBXContainerItemProxy */;
		};
/* End PBXTargetDependency section */

/* Begin XCBuildConfiguration section */
		02A8B52C42BF0B237951A9C0 /* Release */ = {
			isa = XCBuildConfiguration;
			buildSettings = {
				ALWAYS_SEARCH_USER_PATHS = NO;
				CLANG_ANALYZER_NONNULL = YES;
				CLANG_ANALYZER_NUMBER_OBJECT_CONVERSION = YES_AGGRESSIVE;
				CLANG_CXX_LANGUAGE_STANDARD = "gnu++14";
				CLANG_CXX_LIBRARY = "libc++";
				CLANG_ENABLE_MODULES = YES;
				CLANG_ENABLE_OBJC_ARC = YES;
				CLANG_ENABLE_OBJC_WEAK = YES;
				CLANG_WARN_BLOCK_CAPTURE_AUTORELEASING = YES;
				CLANG_WARN_BOOL_CONVERSION = YES;
				CLANG_WARN_COMMA = YES;
				CLANG_WARN_CONSTANT_CONVERSION = YES;
				CLANG_WARN_DEPRECATED_OBJC_IMPLEMENTATIONS = YES;
				CLANG_WARN_DIRECT_OBJC_ISA_USAGE = YES_ERROR;
				CLANG_WARN_DOCUMENTATION_COMMENTS = YES;
				CLANG_WARN_EMPTY_BODY = YES;
				CLANG_WARN_ENUM_CONVERSION = YES;
				CLANG_WARN_INFINITE_RECURSION = YES;
				CLANG_WARN_INT_CONVERSION = YES;
				CLANG_WARN_NON_LITERAL_NULL_CONVERSION = YES;
				CLANG_WARN_OBJC_IMPLICIT_RETAIN_SELF = YES;
				CLANG_WARN_OBJC_LITERAL_CONVERSION = YES;
				CLANG_WARN_OBJC_ROOT_CLASS = YES_ERROR;
				CLANG_WARN_QUOTED_INCLUDE_IN_FRAMEWORK_HEADER = YES;
				CLANG_WARN_RANGE_LOOP_ANALYSIS = YES;
				CLANG_WARN_STRICT_PROTOTYPES = YES;
				CLANG_WARN_SUSPICIOUS_MOVE = YES;
				CLANG_WARN_UNGUARDED_AVAILABILITY = YES_AGGRESSIVE;
				CLANG_WARN_UNREACHABLE_CODE = YES;
				CLANG_WARN__DUPLICATE_METHOD_MATCH = YES;
				COPY_PHASE_STRIP = NO;
				DEBUG_INFORMATION_FORMAT = "dwarf-with-dsym";
				ENABLE_NS_ASSERTIONS = NO;
				ENABLE_STRICT_OBJC_MSGSEND = YES;
				GCC_C_LANGUAGE_STANDARD = gnu11;
				GCC_NO_COMMON_BLOCKS = YES;
				GCC_WARN_64_TO_32_BIT_CONVERSION = YES;
				GCC_WARN_ABOUT_RETURN_TYPE = YES_ERROR;
				GCC_WARN_UNDECLARED_SELECTOR = YES;
				GCC_WARN_UNINITIALIZED_AUTOS = YES_AGGRESSIVE;
				GCC_WARN_UNUSED_FUNCTION = YES;
				GCC_WARN_UNUSED_VARIABLE = YES;
				MACOSX_DEPLOYMENT_TARGET = 26.0;
				MTL_ENABLE_DEBUG_INFO = NO;
				MTL_FAST_MATH = YES;
				PRODUCT_NAME = "$(TARGET_NAME)";
				SDKROOT = macosx;
				SWIFT_COMPILATION_MODE = wholemodule;
				SWIFT_OPTIMIZATION_LEVEL = "-O";
				SWIFT_VERSION = 6.0;
			};
			name = Release;
		};
		177425E14CF7D2E36444644B /* Release */ = {
			isa = XCBuildConfiguration;
			buildSettings = {
				ASSETCATALOG_COMPILER_APPICON_NAME = AppIcon;
				CODE_SIGN_ENTITLEMENTS = SkimDown/Resources/SkimDown.entitlements;
				COMBINE_HIDPI_IMAGES = YES;
				CURRENT_PROJECT_VERSION = 1;
				ENABLE_HARDENED_RUNTIME = YES;
				GENERATE_INFOPLIST_FILE = NO;
				INFOPLIST_FILE = SkimDown/Resources/Info.plist;
				LD_RUNPATH_SEARCH_PATHS = (
					"$(inherited)",
					"@executable_path/../Frameworks",
				);
				MACOSX_DEPLOYMENT_TARGET = 26.0;
				MARKETING_VERSION = 0.1.0;
				PRODUCT_BUNDLE_IDENTIFIER = dev.jp27.SkimDown;
				SDKROOT = macosx;
			};
			name = Release;
		};
		205AFA2ECF5AF22193AEEED4 /* Debug */ = {
			isa = XCBuildConfiguration;
			buildSettings = {
				BUNDLE_LOADER = "$(TEST_HOST)";
				COMBINE_HIDPI_IMAGES = YES;
				GENERATE_INFOPLIST_FILE = YES;
				LD_RUNPATH_SEARCH_PATHS = (
					"$(inherited)",
					"@executable_path/../Frameworks",
					"@loader_path/../Frameworks",
				);
				MACOSX_DEPLOYMENT_TARGET = 26.0;
				PRODUCT_BUNDLE_IDENTIFIER = dev.jp27.SkimDownTests;
				SDKROOT = macosx;
				TEST_HOST = "$(BUILT_PRODUCTS_DIR)/SkimDown.app/Contents/MacOS/SkimDown";
			};
			name = Debug;
		};
		BD334EB90850C1EE485A7255 /* Debug */ = {
			isa = XCBuildConfiguration;
			buildSettings = {
				ALWAYS_SEARCH_USER_PATHS = NO;
				CLANG_ANALYZER_NONNULL = YES;
				CLANG_ANALYZER_NUMBER_OBJECT_CONVERSION = YES_AGGRESSIVE;
				CLANG_CXX_LANGUAGE_STANDARD = "gnu++14";
				CLANG_CXX_LIBRARY = "libc++";
				CLANG_ENABLE_MODULES = YES;
				CLANG_ENABLE_OBJC_ARC = YES;
				CLANG_ENABLE_OBJC_WEAK = YES;
				CLANG_WARN_BLOCK_CAPTURE_AUTORELEASING = YES;
				CLANG_WARN_BOOL_CONVERSION = YES;
				CLANG_WARN_COMMA = YES;
				CLANG_WARN_CONSTANT_CONVERSION = YES;
				CLANG_WARN_DEPRECATED_OBJC_IMPLEMENTATIONS = YES;
				CLANG_WARN_DIRECT_OBJC_ISA_USAGE = YES_ERROR;
				CLANG_WARN_DOCUMENTATION_COMMENTS = YES;
				CLANG_WARN_EMPTY_BODY = YES;
				CLANG_WARN_ENUM_CONVERSION = YES;
				CLANG_WARN_INFINITE_RECURSION = YES;
				CLANG_WARN_INT_CONVERSION = YES;
				CLANG_WARN_NON_LITERAL_NULL_CONVERSION = YES;
				CLANG_WARN_OBJC_IMPLICIT_RETAIN_SELF = YES;
				CLANG_WARN_OBJC_LITERAL_CONVERSION = YES;
				CLANG_WARN_OBJC_ROOT_CLASS = YES_ERROR;
				CLANG_WARN_QUOTED_INCLUDE_IN_FRAMEWORK_HEADER = YES;
				CLANG_WARN_RANGE_LOOP_ANALYSIS = YES;
				CLANG_WARN_STRICT_PROTOTYPES = YES;
				CLANG_WARN_SUSPICIOUS_MOVE = YES;
				CLANG_WARN_UNGUARDED_AVAILABILITY = YES_AGGRESSIVE;
				CLANG_WARN_UNREACHABLE_CODE = YES;
				CLANG_WARN__DUPLICATE_METHOD_MATCH = YES;
				COPY_PHASE_STRIP = NO;
				DEBUG_INFORMATION_FORMAT = dwarf;
				ENABLE_STRICT_OBJC_MSGSEND = YES;
				ENABLE_TESTABILITY = YES;
				GCC_C_LANGUAGE_STANDARD = gnu11;
				GCC_DYNAMIC_NO_PIC = NO;
				GCC_NO_COMMON_BLOCKS = YES;
				GCC_OPTIMIZATION_LEVEL = 0;
				GCC_PREPROCESSOR_DEFINITIONS = (
					"$(inherited)",
					"DEBUG=1",
				);
				GCC_WARN_64_TO_32_BIT_CONVERSION = YES;
				GCC_WARN_ABOUT_RETURN_TYPE = YES_ERROR;
				GCC_WARN_UNDECLARED_SELECTOR = YES;
				GCC_WARN_UNINITIALIZED_AUTOS = YES_AGGRESSIVE;
				GCC_WARN_UNUSED_FUNCTION = YES;
				GCC_WARN_UNUSED_VARIABLE = YES;
				MACOSX_DEPLOYMENT_TARGET = 26.0;
				MTL_ENABLE_DEBUG_INFO = INCLUDE_SOURCE;
				MTL_FAST_MATH = YES;
				ONLY_ACTIVE_ARCH = YES;
				PRODUCT_NAME = "$(TARGET_NAME)";
				SDKROOT = macosx;
				SWIFT_ACTIVE_COMPILATION_CONDITIONS = DEBUG;
				SWIFT_OPTIMIZATION_LEVEL = "-Onone";
				SWIFT_VERSION = 6.0;
			};
			name = Debug;
		};
		E96FB699023EDC21BB1A39C2 /* Debug */ = {
			isa = XCBuildConfiguration;
			buildSettings = {
				ASSETCATALOG_COMPILER_APPICON_NAME = AppIcon;
				CODE_SIGN_ENTITLEMENTS = SkimDown/Resources/SkimDown.entitlements;
				COMBINE_HIDPI_IMAGES = YES;
				CURRENT_PROJECT_VERSION = 1;
				ENABLE_HARDENED_RUNTIME = YES;
				GENERATE_INFOPLIST_FILE = NO;
				INFOPLIST_FILE = SkimDown/Resources/Info.plist;
				LD_RUNPATH_SEARCH_PATHS = (
					"$(inherited)",
					"@executable_path/../Frameworks",
				);
				MACOSX_DEPLOYMENT_TARGET = 26.0;
				MARKETING_VERSION = 0.1.0;
				PRODUCT_BUNDLE_IDENTIFIER = dev.jp27.SkimDown;
				SDKROOT = macosx;
			};
			name = Debug;
		};
		FF7DE8D1E4CE4D8DDC93FB6A /* Release */ = {
			isa = XCBuildConfiguration;
			buildSettings = {
				BUNDLE_LOADER = "$(TEST_HOST)";
				COMBINE_HIDPI_IMAGES = YES;
				GENERATE_INFOPLIST_FILE = YES;
				LD_RUNPATH_SEARCH_PATHS = (
					"$(inherited)",
					"@executable_path/../Frameworks",
					"@loader_path/../Frameworks",
				);
				MACOSX_DEPLOYMENT_TARGET = 26.0;
				PRODUCT_BUNDLE_IDENTIFIER = dev.jp27.SkimDownTests;
				SDKROOT = macosx;
				TEST_HOST = "$(BUILT_PRODUCTS_DIR)/SkimDown.app/Contents/MacOS/SkimDown";
			};
			name = Release;
		};
/* End XCBuildConfiguration section */

/* Begin XCConfigurationList section */
		6D05AA3AC46F0A5A89B18679 /* Build configuration list for PBXNativeTarget "SkimDown" */ = {
			isa = XCConfigurationList;
			buildConfigurations = (
				E96FB699023EDC21BB1A39C2 /* Debug */,
				177425E14CF7D2E36444644B /* Release */,
			);
			defaultConfigurationIsVisible = 0;
			defaultConfigurationName = Debug;
		};
		9822C173FDDD7F20AB05E7B0 /* Build configuration list for PBXProject "SkimDown" */ = {
			isa = XCConfigurationList;
			buildConfigurations = (
				BD334EB90850C1EE485A7255 /* Debug */,
				02A8B52C42BF0B237951A9C0 /* Release */,
			);
			defaultConfigurationIsVisible = 0;
			defaultConfigurationName = Debug;
		};
		EFF69B0110C7148666C5B62D /* Build configuration list for PBXNativeTarget "SkimDownTests" */ = {
			isa = XCConfigurationList;
			buildConfigurations = (
				205AFA2ECF5AF22193AEEED4 /* Debug */,
				FF7DE8D1E4CE4D8DDC93FB6A /* Release */,
			);
			defaultConfigurationIsVisible = 0;
			defaultConfigurationName = Debug;
		};
/* End XCConfigurationList section */
	};
	rootObject = 1C28773A6F0492294864792A /* Project object */;
}
